
Microsoft Visual Studio Solution File, Format Version 12.00
# Visual Studio Version 16
VisualStudioVersion = 16.0.31025.194
MinimumVisualStudioVersion = 10.0.40219.1
Project("{FAE04EC0-301F-11D3-BF4B-00C04F79EFBC}") = "AgroStoreProject", "AgroStoreProject\AgroStoreProject.csproj", "{89C2ADAD-98EB-4436-AAEA-7A3205B5FAC3}"
EndProject
Global
	GlobalSection(SolutionConfigurationPlatforms) = preSolution
		Debug|Any CPU = Debug|Any CPU
		Release|Any CPU = Release|Any CPU
	EndGlobalSection
	GlobalSection(ProjectConfigurationPlatforms) = postSolution
		{89C2ADAD-98EB-4436-AAEA-7A3205B5FAC3}.Debug|Any CPU.ActiveCfg = Debug|Any CPU
		{89C2ADAD-98EB-4436-AAEA-7A3205B5FAC3}.Debug|Any CPU.Build.0 = Debug|Any CPU
		{89C2ADAD-98EB-4436-AAEA-7A3205B5FAC3}.Release|Any CPU.ActiveCfg = Release|Any CPU
		{89C2ADAD-98EB-4436-AAEA-7A3205B5FAC3}.Release|Any CPU.Build.0 = Release|Any CPU
	EndGlobalSection
	GlobalSection(SolutionProperties) = preSolution
		HideSolutionNode = FALSE
	EndGlobalSection
	GlobalSection(ExtensibilityGlobals) = postSolution
		SolutionGuid = {6A1837C9-88BE-4A1E-87E1-A115BB583E8C}
	EndGlobalSection
EndGlobal
